
Microsoft Visual Studio Solution File, Format Version 12.00
# Visual Studio Version 16
VisualStudioVersion = 16.0.29911.84
MinimumVisualStudioVersion = 10.0.40219.1
Project("{888888A0-9F3D-457C-B088-3A5042F75D52}") = "LAB1", "LAB1.pyproj", "{CC609C83-B3F4-4940-B212-042D9880F3EA}"
EndProject
Global
	GlobalSection(SolutionConfigurationPlatforms) = preSolution
		Debug|Any CPU = Debug|Any CPU
		Release|Any CPU = Release|Any CPU
	EndGlobalSection
	GlobalSection(ProjectConfigurationPlatforms) = postSolution
		{CC609C83-B3F4-4940-B212-042D9880F3EA}.Debug|Any CPU.ActiveCfg = Debug|Any CPU
		{CC609C83-B3F4-4940-B212-042D9880F3EA}.Release|Any CPU.ActiveCfg = Release|Any CPU
	EndGlobalSection
	GlobalSection(SolutionProperties) = preSolution
		HideSolutionNode = FALSE
	EndGlobalSection
	GlobalSection(ExtensibilityGlobals) = postSolution
		SolutionGuid = {2D7EF3EF-4155-4A54-BBB0-A97EE673D91A}
	EndGlobalSection
EndGlobal
